
Microsoft Visual Studio Solution File, Format Version 12.00
# Visual Studio Version 16
VisualStudioVersion = 16.0.30711.63
MinimumVisualStudioVersion = 10.0.40219.1
Project("{9A19103F-16F7-4668-BE54-9A1E7A4F7556}") = "DB.Access", "DB.Access\DB.Access.csproj", "{2D0D0455-0D4F-4845-91F0-4F7A0A81B454}"
EndProject
Project("{9A19103F-16F7-4668-BE54-9A1E7A4F7556}") = "CS.Test", "CS.Test\CS.Test.csproj", "{2033784F-4DD8-4722-96EE-B82A03EA752D}"
EndProject
Project("{2150E333-8FDC-42A3-9474-1A3956D46DE8}") = "Solution Items", "Solution Items", "{D14A5A62-4323-4911-941C-2DE08536F848}"
	ProjectSection(SolutionItems) = preProject
		.gitignore = .gitignore
	EndProjectSection
EndProject
Project("{9A19103F-16F7-4668-BE54-9A1E7A4F7556}") = "WPF.Client", "WPF.Client\WPF.Client.csproj", "{C0D5D626-5270-4CFB-A700-02C339F5150B}"
EndProject
Project("{9A19103F-16F7-4668-BE54-9A1E7A4F7556}") = "GRPC.Server", "GRPC.Server\GRPC.Server.csproj", "{1789C03C-D16C-4748-856E-914DB0639BCA}"
EndProject
Project("{9A19103F-16F7-4668-BE54-9A1E7A4F7556}") = "REST.Server", "REST.Server\REST.Server.csproj", "{07AC478B-46DE-462A-A6DD-2897DB7BF903}"
EndProject
Project("{9A19103F-16F7-4668-BE54-9A1E7A4F7556}") = "SOAP.Server", "SOAP.Server\SOAP.Server.csproj", "{6773CAC8-1D15-44BD-AAE2-42DF1C89F477}"
EndProject
Project("{9A19103F-16F7-4668-BE54-9A1E7A4F7556}") = "WF.Stopwatch", "WF.Stopwatch\WF.Stopwatch.csproj", "{A44A42D6-1129-4958-8694-B077BF4B22FE}"
EndProject
Project("{FAE04EC0-301F-11D3-BF4B-00C04F79EFBC}") = "SOCKET.Server", "SOCKET.Server\SOCKET.Server.csproj", "{762CBC45-FC89-4B79-85A2-259DB799A560}"
EndProject
Global
	GlobalSection(SolutionConfigurationPlatforms) = preSolution
		Debug|Any CPU = Debug|Any CPU
		Release|Any CPU = Release|Any CPU
	EndGlobalSection
	GlobalSection(ProjectConfigurationPlatforms) = postSolution
		{2D0D0455-0D4F-4845-91F0-4F7A0A81B454}.Debug|Any CPU.ActiveCfg = Debug|Any CPU
		{2D0D0455-0D4F-4845-91F0-4F7A0A81B454}.Debug|Any CPU.Build.0 = Debug|Any CPU
		{2D0D0455-0D4F-4845-91F0-4F7A0A81B454}.Release|Any CPU.ActiveCfg = Release|Any CPU
		{2D0D0455-0D4F-4845-91F0-4F7A0A81B454}.Release|Any CPU.Build.0 = Release|Any CPU
		{2033784F-4DD8-4722-96EE-B82A03EA752D}.Debug|Any CPU.ActiveCfg = Debug|Any CPU
		{2033784F-4DD8-4722-96EE-B82A03EA752D}.Debug|Any CPU.Build.0 = Debug|Any CPU
		{2033784F-4DD8-4722-96EE-B82A03EA752D}.Release|Any CPU.ActiveCfg = Release|Any CPU
		{2033784F-4DD8-4722-96EE-B82A03EA752D}.Release|Any CPU.Build.0 = Release|Any CPU
		{C0D5D626-5270-4CFB-A700-02C339F5150B}.Debug|Any CPU.ActiveCfg = Debug|Any CPU
		{C0D5D626-5270-4CFB-A700-02C339F5150B}.Debug|Any CPU.Build.0 = Debug|Any CPU
		{C0D5D626-5270-4CFB-A700-02C339F5150B}.Release|Any CPU.ActiveCfg = Release|Any CPU
		{C0D5D626-5270-4CFB-A700-02C339F5150B}.Release|Any CPU.Build.0 = Release|Any CPU
		{1789C03C-D16C-4748-856E-914DB0639BCA}.Debug|Any CPU.ActiveCfg = Debug|Any CPU
		{1789C03C-D16C-4748-856E-914DB0639BCA}.Debug|Any CPU.Build.0 = Debug|Any CPU
		{1789C03C-D16C-4748-856E-914DB0639BCA}.Release|Any CPU.ActiveCfg = Release|Any CPU
		{1789C03C-D16C-4748-856E-914DB0639BCA}.Release|Any CPU.Build.0 = Release|Any CPU
		{07AC478B-46DE-462A-A6DD-2897DB7BF903}.Debug|Any CPU.ActiveCfg = Debug|Any CPU
		{07AC478B-46DE-462A-A6DD-2897DB7BF903}.Debug|Any CPU.Build.0 = Debug|Any CPU
		{07AC478B-46DE-462A-A6DD-2897DB7BF903}.Release|Any CPU.ActiveCfg = Release|Any CPU
		{07AC478B-46DE-462A-A6DD-2897DB7BF903}.Release|Any CPU.Build.0 = Release|Any CPU
		{6773CAC8-1D15-44BD-AAE2-42DF1C89F477}.Debug|Any CPU.ActiveCfg = Debug|Any CPU
		{6773CAC8-1D15-44BD-AAE2-42DF1C89F477}.Debug|Any CPU.Build.0 = Debug|Any CPU
		{6773CAC8-1D15-44BD-AAE2-42DF1C89F477}.Release|Any CPU.ActiveCfg = Release|Any CPU
		{6773CAC8-1D15-44BD-AAE2-42DF1C89F477}.Release|Any CPU.Build.0 = Release|Any CPU
		{A44A42D6-1129-4958-8694-B077BF4B22FE}.Debug|Any CPU.ActiveCfg = Debug|Any CPU
		{A44A42D6-1129-4958-8694-B077BF4B22FE}.Debug|Any CPU.Build.0 = Debug|Any CPU
		{A44A42D6-1129-4958-8694-B077BF4B22FE}.Release|Any CPU.ActiveCfg = Release|Any CPU
		{A44A42D6-1129-4958-8694-B077BF4B22FE}.Release|Any CPU.Build.0 = Release|Any CPU
		{762CBC45-FC89-4B79-85A2-259DB799A560}.Debug|Any CPU.ActiveCfg = Debug|Any CPU
		{762CBC45-FC89-4B79-85A2-259DB799A560}.Debug|Any CPU.Build.0 = Debug|Any CPU
		{762CBC45-FC89-4B79-85A2-259DB799A560}.Release|Any CPU.ActiveCfg = Release|Any CPU
		{762CBC45-FC89-4B79-85A2-259DB799A560}.Release|Any CPU.Build.0 = Release|Any CPU
	EndGlobalSection
	GlobalSection(SolutionProperties) = preSolution
		HideSolutionNode = FALSE
	EndGlobalSection
	GlobalSection(ExtensibilityGlobals) = postSolution
		SolutionGuid = {E265CB32-6FED-45EA-9677-D8BDDD9DD184}
	EndGlobalSection
EndGlobal
